{
  "version": 4,
  "terraform_version": "1.11.4",
  "serial": 92,
  "lineage": "6ac6579c-a452-fa5b-fb5a-f98d4310a092",
  "outputs": {
    "private_key_pem": {
      "value": "-----BEGIN RSA PRIVATE KEY-----\nMIIJJwIBAAKCAgEA3EiSXGT6yV4bCkhlBDED/29+4c14jBQsfDaORwKv00t1icuc\n5To8WxEXc8K1BVkUPGYUui+zmivWuXFMDheiS277jMulnzm7Jh+hf3NQAwS5M/x8\nblIeg1dybuAy8U6hygoxzP5E92QzhUMaGOuJhyXlEBmB+fT6NGzlC4GpRoxbYEeZ\n8KhyUVhVqbVpovbNt7fbBi/lnRmxXMjdb4wtixuUEHzWAlLysfvK3K9AcDGqWFi5\nd2Gw8Wy1/6N7c2d7bGUZ2REObuOrBvhboME22IRT2G/nKg5Fd/IpyHSu5ZvIHP1O\nJAIPGU9L5aE3yEaj0QxO+sPkS9O5MPIuKeI0rLS7nVf2a5n64Jju3b8YY3O3STwc\nWM9+eYlCLjpAhw7KsRvmcsOn/rklpO6w5PlLdIoQVXMu7K2jMrP7O9fLCL7DvlRG\n6Te1t6QoFEYSIKZbcMjJ41zLbqVvjxQsbcKnnupKDOcizQc9DkRIRgUhzzpMlvqG\neZ0SBEEVckPRRcLHxOxjgRbpPnz5XQEtaZWpfb6z3DhBHOZ8pcp7kXtIt5fk2keQ\nHfzg3qRB7qhy2JTmFys3z73OOQdpQFIS3JAm5xstVhPJTp3eDJIYQEuDtWIbt6rK\nl+qEgsHxYwnOmlcoZqHnhkuzm0F5Jr6toRrTd765GAu2A/Iu1K/vgxix8v0CAwEA\nAQKCAgAQka7cn0XT1q2/AMIEZjFwSbEoB93831mXQD1EbxnNkVv2cOfMwCwhB3CV\npvwZumEQx/bgKE1gl9KPYUvAtZtiBCeMqBa9msiObgumPAS1LWpG1EOBwtCDvZSg\nbWG3j9wQh+LGEgwa9aEAcZMpc7IFBd8sbla99+TIA7bYvjh+03jeDZSxKuJqZvQO\nj1QyS1Ee9AfX98tUHUYffgZV6RvV3k2tTc6FHzsdExznq5Dzv3CaM5ZDugfmqPAp\nmeDjxdFdTl962dMVmS9Yl17BATeAYrexzHz9R1SHWKI27zvmjmincZAqmjMLitDh\nJVa+TD3vL/dS2mA2KedAnL7HLLocbcPk+BI/K4GQPY2ElW2NWsxxWray/uWx4tIH\nefgQRl/OSUDR8sffBm7SrEWZFrmMvxTAtw3gpEVwPT185KHjWPoXBxh2rUzoODO6\njfDwIYpmbBlrD6RdL2VSBwlVLsGMMiRCW+NDFYLF8Ci5bmex+B6wkyVXy7ISKtrl\nx1zv6zLfTADR8JGC8lHFUnclvPEDI9iIKsU8cBSqQieN543kzWLE/SlfnU8WFB7o\nPAzQ6UoKtsWh40gGeapYft5Mou4RSd9ujTP6DbQb2sVXQ/Dl65VlPr1HGBhwZAPN\nRElXhUPFQC6gr8TWK63yeDVYvSWWZbaEDz5xPe6gLhQpn8apAQKCAQEA6zUy2PxX\nCtgh5RvaEJRXFP3llva4g27zRKLgVfciTi6j8hkaXVqmjj4B6cYHWJpyPIK2v+nG\ndNna3aJd8lOe3W8fft0rDwW2s/Dn5gYNMzyTNuQcxK1XjKtamrYL3V51cTGPTaAV\nm/iqa7Mj5ZJ5jzWJYMHlZ7Lq/AsezThQgRu9pLZ7cLb9ApW/xiLORsBX0V2N4eXT\nDPu4pQFFvrav+k7fx3Az/o2A4MbLvjKWR5ye6dJlB3xiuS3jkzK6bqE5M9GbZrc5\nol3LdqRRkWLeCOpEff1ET1Nwfn/k1sTfYIoI8+EduDsmfXryedQYlJBCR6Xyz8KY\n6P8QZe7gQz3egQKCAQEA78Gh73oUrQK3RSSrthdC9WPf9nhX5gekXKvbQFxIw54R\nhcTEGhMwvDgZrfFdT/SgU3KS5U1Rho0F9PML9DoBN7/BpQM9iPcs/0dPmjYwdHgc\n7WJuR8GbnUVxPhxzSdCNRufN2nIS24avJrttuttRa2MLvViCzyZYCJ0hrDTRao2z\nQpSXReP3llflZ3iWroFHiN2CzJXbc4DbV89OTTZTKZdpxNaSRTqMafn9CF58TgQ3\nyo6kixCLg2TSYxHo/lp8fkm2b8Ndhbx3fI5Wk7Cfcb2fudKohaNZVcqYFT/NQ5Es\nodptv6nmFLct2ORjzwdUJDitpY4StKXUMhiKUzFOfQKCAQAi4JKXpmNp0j7EcGrX\nhoebL0L6Lb+SjcM47EYDuU+29CePYLWOHkEQWpWCCsFQHCbQXjmnH400CpHvx4HS\nyx+FilLLRxR5d8ltyU05yK/wZw0VWKIDcAjJbSdURaZgvv7/N/Ad/Jz3sdnjen7a\nLewkljW2yUmxJNC/aw64M5+MZYarg/ut7RR7a6UyRjr8Ns1O2GaPlrrC9BifLx8e\ndoyFu2hndHXhSy5PJmtT2sB6Afl2hqJAh+tDtlBGpYELopCO5If8pTLAptPi1d7a\nhiSSgdqCLCoS8TZ/K4vNZQgSkqVdNIZpqSu985s9AXxbm0CYyzzEHgD6m8fctZ0/\nm08BAoIBAC7P48paT8coDJiXfF9lU1GOWqBJBwCG5XSiqYB7hEmNh2ZS8OcWcCGP\n4pOv2MRPwy4H5N6Yph5bUpptChx5Ztt3uVt6sn0XpdWCGuzFP9i9ywgee+HOz495\ni47RB0GWUr9Ra0QHmd77AR/S4K3nPJJ3GEe0DHZdyjqEU5rIBUuEt0d8s7yVsjXM\nm6IETYds/oaemXdQmzSGKE2Q0H0K6lnokmI4cv7JW7klcl479JFXCX2nNEFizZqu\nCNYHHTLsf/o4ckKIJq6CCeJr+EOF7NvMZm9lzjmplzvE/sTHXFCg+9HuUBdoGOBa\nk70RettlVuxrlJwKjWRwLGpLmFZ9/hECggEASZGw32+ckRoO6t+e1xfFmuqtEKj9\nYwJ93o22P+2vXIqX6zw/slzfJZCj5h5fINVhxOQgWCgasOaIvKKRduYsFh5xojOf\nNn/AHmmDZ6fnHwqAcU3jr9esXTJOzHnpgh6AZMD6MhhQlO0p9Lc19NpZjZBXSuoh\njYxNg66447rXOkcwQt6yNztzbJH46cDKhMZIL3ogJD4pDczSBSE1pK67azkVlso1\nAd28BLMpZpBI2B6Af0HusqZlvvD3kSnS2Hp4373mDnCRWKP8etZQXRIrz98vEWiP\nY8WWULZfem2PleqV5jMOah7qmjFWNyP3Jo7Z+dV971sRn+AV4jRjDkUodg==\n-----END RSA PRIVATE KEY-----\n",
      "type": "string",
      "sensitive": true
    },
    "public_ip": {
      "value": "35.164.199.131",
      "type": "string"
    }
  },
  "resources": [
    {
      "mode": "data",
      "type": "aws_ami",
      "name": "amazon_linux",
      "provider": "provider[\"registry.terraform.io/hashicorp/aws\"]",
      "instances": [
        {
          "schema_version": 0,
          "attributes": {
            "architecture": "x86_64",
            "arn": "arn:aws:ec2:us-west-2::image/ami-08a0cbdcdcbc08448",
            "block_device_mappings": [
              {
                "device_name": "/dev/xvda",
                "ebs": {
                  "delete_on_termination": "true",
                  "encrypted": "false",
                  "iops": "0",
                  "snapshot_id": "snap-08d6b900a3a85f780",
                  "throughput": "0",
                  "volume_size": "8",
                  "volume_type": "gp2"
                },
                "no_device": "",
                "virtual_name": ""
              }
            ],
            "boot_mode": "",
            "creation_date": "2025-04-25T05:49:21.000Z",
            "deprecation_time": "2025-07-24T05:49:00.000Z",
            "description": "Amazon Linux 2 AMI 2.0.20250428.0 x86_64 HVM gp2",
            "ena_support": true,
            "executable_users": null,
            "filter": [
              {
                "name": "name",
                "values": [
                  "amzn2-ami-hvm-2.0.*-x86_64-gp2"
                ]
              }
            ],
            "hypervisor": "xen",
            "id": "ami-08a0cbdcdcbc08448",
            "image_id": "ami-08a0cbdcdcbc08448",
            "image_location": "amazon/amzn2-ami-hvm-2.0.20250428.0-x86_64-gp2",
            "image_owner_alias": "amazon",
            "image_type": "machine",
            "imds_support": "",
            "include_deprecated": false,
            "kernel_id": "",
            "last_launched_time": "",
            "most_recent": true,
            "name": "amzn2-ami-hvm-2.0.20250428.0-x86_64-gp2",
            "name_regex": null,
            "owner_id": "137112412989",
            "owners": [
              "amazon"
            ],
            "platform": "",
            "platform_details": "Linux/UNIX",
            "product_codes": [],
            "public": true,
            "ramdisk_id": "",
            "root_device_name": "/dev/xvda",
            "root_device_type": "ebs",
            "root_snapshot_id": "snap-08d6b900a3a85f780",
            "sriov_net_support": "simple",
            "state": "available",
            "state_reason": {
              "code": "UNSET",
              "message": "UNSET"
            },
            "tags": {},
            "timeouts": null,
            "tpm_support": "",
            "uefi_data": null,
            "usage_operation": "RunInstances",
            "virtualization_type": "hvm"
          },
          "sensitive_attributes": []
        }
      ]
    },
    {
      "mode": "managed",
      "type": "aws_eip",
      "name": "nat_eip",
      "provider": "provider[\"registry.terraform.io/hashicorp/aws\"]",
      "instances": [
        {
          "schema_version": 0,
          "attributes": {
            "address": null,
            "allocation_id": "eipalloc-0e8c4eb5b8d002545",
            "arn": "arn:aws:ec2:us-west-2:010526257977:elastic-ip/eipalloc-0e8c4eb5b8d002545",
            "associate_with_private_ip": null,
            "association_id": "eipassoc-045b80408d4330660",
            "carrier_ip": "",
            "customer_owned_ip": "",
            "customer_owned_ipv4_pool": "",
            "domain": "vpc",
            "id": "eipalloc-0e8c4eb5b8d002545",
            "instance": "",
            "ipam_pool_id": null,
            "network_border_group": "us-west-2",
            "network_interface": "eni-0aa650d80e3a1ce32",
            "private_dns": "ip-10-0-1-253.us-west-2.compute.internal",
            "private_ip": "10.0.1.253",
            "ptr_record": "",
            "public_dns": "ec2-44-229-131-173.us-west-2.compute.amazonaws.com",
            "public_ip": "44.229.131.173",
            "public_ipv4_pool": "amazon",
            "tags": {},
            "tags_all": {},
            "timeouts": null,
            "vpc": true
          },
          "sensitive_attributes": [],
          "private": "eyJlMmJmYjczMC1lY2FhLTExZTYtOGY4OC0zNDM2M2JjN2M0YzAiOnsiZGVsZXRlIjoxODAwMDAwMDAwMDAsInJlYWQiOjkwMDAwMDAwMDAwMCwidXBkYXRlIjozMDAwMDAwMDAwMDB9fQ=="
        }
      ]
    },
    {
      "mode": "managed",
      "type": "aws_instance",
      "name": "private_instance",
      "provider": "provider[\"registry.terraform.io/hashicorp/aws\"]",
      "instances": [
        {
          "schema_version": 1,
          "attributes": {
            "ami": "ami-08a0cbdcdcbc08448",
            "arn": "arn:aws:ec2:us-west-2:010526257977:instance/i-0388fcc6e23055c4a",
            "associate_public_ip_address": false,
            "availability_zone": "us-west-2a",
            "capacity_reservation_specification": [
              {
                "capacity_reservation_preference": "open",
                "capacity_reservation_target": []
              }
            ],
            "cpu_core_count": 1,
            "cpu_options": [
              {
                "amd_sev_snp": "",
                "core_count": 1,
                "threads_per_core": 1
              }
            ],
            "cpu_threads_per_core": 1,
            "credit_specification": [
              {
                "cpu_credits": "standard"
              }
            ],
            "disable_api_stop": false,
            "disable_api_termination": false,
            "ebs_block_device": [],
            "ebs_optimized": false,
            "enable_primary_ipv6": null,
            "enclave_options": [
              {
                "enabled": false
              }
            ],
            "ephemeral_block_device": [],
            "get_password_data": false,
            "hibernation": false,
            "host_id": "",
            "host_resource_group_arn": null,
            "iam_instance_profile": "",
            "id": "i-0388fcc6e23055c4a",
            "instance_initiated_shutdown_behavior": "stop",
            "instance_lifecycle": "",
            "instance_market_options": [],
            "instance_state": "running",
            "instance_type": "t2.micro",
            "ipv6_address_count": 0,
            "ipv6_addresses": [],
            "key_name": "Key-for-Project",
            "launch_template": [],
            "maintenance_options": [
              {
                "auto_recovery": "default"
              }
            ],
            "metadata_options": [
              {
                "http_endpoint": "enabled",
                "http_protocol_ipv6": "disabled",
                "http_put_response_hop_limit": 1,
                "http_tokens": "optional",
                "instance_metadata_tags": "disabled"
              }
            ],
            "monitoring": false,
            "network_interface": [],
            "outpost_arn": "",
            "password_data": "",
            "placement_group": "",
            "placement_partition_number": 0,
            "primary_network_interface_id": "eni-0c01bf4fe8a5244f4",
            "private_dns": "ip-10-0-3-80.us-west-2.compute.internal",
            "private_dns_name_options": [
              {
                "enable_resource_name_dns_a_record": false,
                "enable_resource_name_dns_aaaa_record": false,
                "hostname_type": "ip-name"
              }
            ],
            "private_ip": "10.0.3.80",
            "public_dns": "",
            "public_ip": "",
            "root_block_device": [
              {
                "delete_on_termination": true,
                "device_name": "/dev/xvda",
                "encrypted": false,
                "iops": 100,
                "kms_key_id": "",
                "tags": {},
                "tags_all": {},
                "throughput": 0,
                "volume_id": "vol-0a5a228b099a44ec5",
                "volume_size": 8,
                "volume_type": "gp2"
              }
            ],
            "secondary_private_ips": [],
            "security_groups": [],
            "source_dest_check": true,
            "spot_instance_request_id": "",
            "subnet_id": "subnet-07a545c10585e2c71",
            "tags": {
              "Name": "PrivateInstance"
            },
            "tags_all": {
              "Name": "PrivateInstance"
            },
            "tenancy": "default",
            "timeouts": null,
            "user_data": null,
            "user_data_base64": null,
            "user_data_replace_on_change": false,
            "volume_tags": null,
            "vpc_security_group_ids": [
              "sg-0658301302d603ae4"
            ]
          },
          "sensitive_attributes": [],
          "private": "eyJlMmJmYjczMC1lY2FhLTExZTYtOGY4OC0zNDM2M2JjN2M0YzAiOnsiY3JlYXRlIjo2MDAwMDAwMDAwMDAsImRlbGV0ZSI6MTIwMDAwMDAwMDAwMCwicmVhZCI6OTAwMDAwMDAwMDAwLCJ1cGRhdGUiOjYwMDAwMDAwMDAwMH0sInNjaGVtYV92ZXJzaW9uIjoiMSJ9",
          "dependencies": [
            "aws_key_pair.project_key_pair",
            "aws_security_group.public_sg",
            "aws_subnet.private_subnet_1",
            "aws_vpc.main_vpc",
            "data.aws_ami.amazon_linux",
            "tls_private_key.project_key"
          ]
        }
      ]
    },
    {
      "mode": "managed",
      "type": "aws_instance",
      "name": "public_instance",
      "provider": "provider[\"registry.terraform.io/hashicorp/aws\"]",
      "instances": [
        {
          "schema_version": 1,
          "attributes": {
            "ami": "ami-08a0cbdcdcbc08448",
            "arn": "arn:aws:ec2:us-west-2:010526257977:instance/i-0435489481b0f3a37",
            "associate_public_ip_address": true,
            "availability_zone": "us-west-2a",
            "capacity_reservation_specification": [
              {
                "capacity_reservation_preference": "open",
                "capacity_reservation_target": []
              }
            ],
            "cpu_core_count": 1,
            "cpu_options": [
              {
                "amd_sev_snp": "",
                "core_count": 1,
                "threads_per_core": 1
              }
            ],
            "cpu_threads_per_core": 1,
            "credit_specification": [
              {
                "cpu_credits": "standard"
              }
            ],
            "disable_api_stop": false,
            "disable_api_termination": false,
            "ebs_block_device": [],
            "ebs_optimized": false,
            "enable_primary_ipv6": null,
            "enclave_options": [
              {
                "enabled": false
              }
            ],
            "ephemeral_block_device": [],
            "get_password_data": false,
            "hibernation": false,
            "host_id": "",
            "host_resource_group_arn": null,
            "iam_instance_profile": "",
            "id": "i-0435489481b0f3a37",
            "instance_initiated_shutdown_behavior": "stop",
            "instance_lifecycle": "",
            "instance_market_options": [],
            "instance_state": "running",
            "instance_type": "t2.micro",
            "ipv6_address_count": 0,
            "ipv6_addresses": [],
            "key_name": "Key-for-Project",
            "launch_template": [],
            "maintenance_options": [
              {
                "auto_recovery": "default"
              }
            ],
            "metadata_options": [
              {
                "http_endpoint": "enabled",
                "http_protocol_ipv6": "disabled",
                "http_put_response_hop_limit": 1,
                "http_tokens": "optional",
                "instance_metadata_tags": "disabled"
              }
            ],
            "monitoring": false,
            "network_interface": [],
            "outpost_arn": "",
            "password_data": "",
            "placement_group": "",
            "placement_partition_number": 0,
            "primary_network_interface_id": "eni-0c04743f747e5de7e",
            "private_dns": "ip-10-0-1-96.us-west-2.compute.internal",
            "private_dns_name_options": [
              {
                "enable_resource_name_dns_a_record": false,
                "enable_resource_name_dns_aaaa_record": false,
                "hostname_type": "ip-name"
              }
            ],
            "private_ip": "10.0.1.96",
            "public_dns": "ec2-35-164-199-131.us-west-2.compute.amazonaws.com",
            "public_ip": "35.164.199.131",
            "root_block_device": [
              {
                "delete_on_termination": true,
                "device_name": "/dev/xvda",
                "encrypted": false,
                "iops": 100,
                "kms_key_id": "",
                "tags": {},
                "tags_all": {},
                "throughput": 0,
                "volume_id": "vol-03a41bfd51c6f3f58",
                "volume_size": 8,
                "volume_type": "gp2"
              }
            ],
            "secondary_private_ips": [],
            "security_groups": [],
            "source_dest_check": true,
            "spot_instance_request_id": "",
            "subnet_id": "subnet-02611f812093cda7f",
            "tags": {
              "Name": "PublicInstance"
            },
            "tags_all": {
              "Name": "PublicInstance"
            },
            "tenancy": "default",
            "timeouts": null,
            "user_data": null,
            "user_data_base64": null,
            "user_data_replace_on_change": false,
            "volume_tags": null,
            "vpc_security_group_ids": [
              "sg-0658301302d603ae4"
            ]
          },
          "sensitive_attributes": [],
          "private": "eyJlMmJmYjczMC1lY2FhLTExZTYtOGY4OC0zNDM2M2JjN2M0YzAiOnsiY3JlYXRlIjo2MDAwMDAwMDAwMDAsImRlbGV0ZSI6MTIwMDAwMDAwMDAwMCwicmVhZCI6OTAwMDAwMDAwMDAwLCJ1cGRhdGUiOjYwMDAwMDAwMDAwMH0sInNjaGVtYV92ZXJzaW9uIjoiMSJ9",
          "dependencies": [
            "aws_key_pair.project_key_pair",
            "aws_security_group.public_sg",
            "aws_subnet.public_subnet_1",
            "aws_vpc.main_vpc",
            "data.aws_ami.amazon_linux",
            "tls_private_key.project_key"
          ]
        }
      ]
    },
    {
      "mode": "managed",
      "type": "aws_internet_gateway",
      "name": "main_igw",
      "provider": "provider[\"registry.terraform.io/hashicorp/aws\"]",
      "instances": [
        {
          "schema_version": 0,
          "attributes": {
            "arn": "arn:aws:ec2:us-west-2:010526257977:internet-gateway/igw-00b9274cbbf175938",
            "id": "igw-00b9274cbbf175938",
            "owner_id": "010526257977",
            "tags": {
              "Name": "main-igw"
            },
            "tags_all": {
              "Name": "main-igw"
            },
            "timeouts": null,
            "vpc_id": "vpc-0c4d7e6f9ca8bea27"
          },
          "sensitive_attributes": [],
          "private": "eyJlMmJmYjczMC1lY2FhLTExZTYtOGY4OC0zNDM2M2JjN2M0YzAiOnsiY3JlYXRlIjoxMjAwMDAwMDAwMDAwLCJkZWxldGUiOjEyMDAwMDAwMDAwMDAsInVwZGF0ZSI6MTIwMDAwMDAwMDAwMH19",
          "dependencies": [
            "aws_vpc.main_vpc"
          ]
        }
      ]
    },
    {
      "mode": "managed",
      "type": "aws_key_pair",
      "name": "project_key_pair",
      "provider": "provider[\"registry.terraform.io/hashicorp/aws\"]",
      "instances": [
        {
          "schema_version": 1,
          "attributes": {
            "arn": "arn:aws:ec2:us-west-2:010526257977:key-pair/Key-for-Project",
            "fingerprint": "7e:30:d5:70:54:18:19:7d:e5:ea:04:ed:e5:27:64:2f",
            "id": "Key-for-Project",
            "key_name": "Key-for-Project",
            "key_name_prefix": "",
            "key_pair_id": "key-061c7fa2963939fc7",
            "key_type": "rsa",
            "public_key": "ssh-rsa AAAAB3NzaC1yc2EAAAADAQABAAACAQDcSJJcZPrJXhsKSGUEMQP/b37hzXiMFCx8No5HAq/TS3WJy5zlOjxbERdzwrUFWRQ8ZhS6L7OaK9a5cUwOF6JLbvuMy6WfObsmH6F/c1ADBLkz/HxuUh6DV3Ju4DLxTqHKCjHM/kT3ZDOFQxoY64mHJeUQGYH59Po0bOULgalGjFtgR5nwqHJRWFWptWmi9s23t9sGL+WdGbFcyN1vjC2LG5QQfNYCUvKx+8rcr0BwMapYWLl3YbDxbLX/o3tzZ3tsZRnZEQ5u46sG+FugwTbYhFPYb+cqDkV38inIdK7lm8gc/U4kAg8ZT0vloTfIRqPRDE76w+RL07kw8i4p4jSstLudV/ZrmfrgmO7dvxhjc7dJPBxYz355iUIuOkCHDsqxG+Zyw6f+uSWk7rDk+Ut0ihBVcy7sraMys/s718sIvsO+VEbpN7W3pCgURhIgpltwyMnjXMtupW+PFCxtwqee6koM5yLNBz0OREhGBSHPOkyW+oZ5nRIEQRVyQ9FFwsfE7GOBFuk+fPldAS1plal9vrPcOEEc5nylynuRe0i3l+TaR5Ad/ODepEHuqHLYlOYXKzfPvc45B2lAUhLckCbnGy1WE8lOnd4MkhhAS4O1Yhu3qsqX6oSCwfFjCc6aVyhmoeeGS7ObQXkmvq2hGtN3vrkYC7YD8i7Ur++DGLHy/Q==",
            "tags": null,
            "tags_all": {}
          },
          "sensitive_attributes": [],
          "private": "eyJzY2hlbWFfdmVyc2lvbiI6IjEifQ==",
          "dependencies": [
            "tls_private_key.project_key"
          ]
        }
      ]
    },
    {
      "mode": "managed",
      "type": "aws_nat_gateway",
      "name": "nat_gateway",
      "provider": "provider[\"registry.terraform.io/hashicorp/aws\"]",
      "instances": [
        {
          "schema_version": 0,
          "attributes": {
            "allocation_id": "eipalloc-0e8c4eb5b8d002545",
            "association_id": "eipassoc-045b80408d4330660",
            "connectivity_type": "public",
            "id": "nat-0249ddde620c0eba7",
            "network_interface_id": "eni-0aa650d80e3a1ce32",
            "private_ip": "10.0.1.253",
            "public_ip": "44.229.131.173",
            "secondary_allocation_ids": [],
            "secondary_private_ip_address_count": 0,
            "secondary_private_ip_addresses": [],
            "subnet_id": "subnet-02611f812093cda7f",
            "tags": {
              "Name": "nat-gateway"
            },
            "tags_all": {
              "Name": "nat-gateway"
            },
            "timeouts": null
          },
          "sensitive_attributes": [],
          "private": "eyJlMmJmYjczMC1lY2FhLTExZTYtOGY4OC0zNDM2M2JjN2M0YzAiOnsiY3JlYXRlIjo2MDAwMDAwMDAwMDAsImRlbGV0ZSI6MTgwMDAwMDAwMDAwMCwidXBkYXRlIjo2MDAwMDAwMDAwMDB9fQ==",
          "dependencies": [
            "aws_eip.nat_eip",
            "aws_subnet.public_subnet_1",
            "aws_vpc.main_vpc"
          ]
        }
      ]
    },
    {
      "mode": "managed",
      "type": "aws_route_table",
      "name": "private_rt_1",
      "provider": "provider[\"registry.terraform.io/hashicorp/aws\"]",
      "instances": [
        {
          "schema_version": 0,
          "attributes": {
            "arn": "arn:aws:ec2:us-west-2:010526257977:route-table/rtb-0adfb1b303c9ceeb7",
            "id": "rtb-0adfb1b303c9ceeb7",
            "owner_id": "010526257977",
            "propagating_vgws": [],
            "route": [
              {
                "carrier_gateway_id": "",
                "cidr_block": "0.0.0.0/0",
                "core_network_arn": "",
                "destination_prefix_list_id": "",
                "egress_only_gateway_id": "",
                "gateway_id": "nat-0249ddde620c0eba7",
                "ipv6_cidr_block": "",
                "local_gateway_id": "",
                "nat_gateway_id": "",
                "network_interface_id": "",
                "transit_gateway_id": "",
                "vpc_endpoint_id": "",
                "vpc_peering_connection_id": ""
              }
            ],
            "tags": {
              "Name": "private-rt-1"
            },
            "tags_all": {
              "Name": "private-rt-1"
            },
            "timeouts": null,
            "vpc_id": "vpc-0c4d7e6f9ca8bea27"
          },
          "sensitive_attributes": [],
          "private": "eyJlMmJmYjczMC1lY2FhLTExZTYtOGY4OC0zNDM2M2JjN2M0YzAiOnsiY3JlYXRlIjozMDAwMDAwMDAwMDAsImRlbGV0ZSI6MzAwMDAwMDAwMDAwLCJ1cGRhdGUiOjEyMDAwMDAwMDAwMH19",
          "dependencies": [
            "aws_eip.nat_eip",
            "aws_nat_gateway.nat_gateway",
            "aws_subnet.public_subnet_1",
            "aws_vpc.main_vpc"
          ]
        }
      ]
    },
    {
      "mode": "managed",
      "type": "aws_route_table",
      "name": "private_rt_2",
      "provider": "provider[\"registry.terraform.io/hashicorp/aws\"]",
      "instances": [
        {
          "schema_version": 0,
          "attributes": {
            "arn": "arn:aws:ec2:us-west-2:010526257977:route-table/rtb-047c2c176ba25f29b",
            "id": "rtb-047c2c176ba25f29b",
            "owner_id": "010526257977",
            "propagating_vgws": [],
            "route": [
              {
                "carrier_gateway_id": "",
                "cidr_block": "0.0.0.0/0",
                "core_network_arn": "",
                "destination_prefix_list_id": "",
                "egress_only_gateway_id": "",
                "gateway_id": "nat-0249ddde620c0eba7",
                "ipv6_cidr_block": "",
                "local_gateway_id": "",
                "nat_gateway_id": "",
                "network_interface_id": "",
                "transit_gateway_id": "",
                "vpc_endpoint_id": "",
                "vpc_peering_connection_id": ""
              }
            ],
            "tags": {
              "Name": "private-rt-2"
            },
            "tags_all": {
              "Name": "private-rt-2"
            },
            "timeouts": null,
            "vpc_id": "vpc-0c4d7e6f9ca8bea27"
          },
          "sensitive_attributes": [],
          "private": "eyJlMmJmYjczMC1lY2FhLTExZTYtOGY4OC0zNDM2M2JjN2M0YzAiOnsiY3JlYXRlIjozMDAwMDAwMDAwMDAsImRlbGV0ZSI6MzAwMDAwMDAwMDAwLCJ1cGRhdGUiOjEyMDAwMDAwMDAwMH19",
          "dependencies": [
            "aws_eip.nat_eip",
            "aws_nat_gateway.nat_gateway",
            "aws_subnet.public_subnet_1",
            "aws_vpc.main_vpc"
          ]
        }
      ]
    },
    {
      "mode": "managed",
      "type": "aws_route_table",
      "name": "public_rt",
      "provider": "provider[\"registry.terraform.io/hashicorp/aws\"]",
      "instances": [
        {
          "schema_version": 0,
          "attributes": {
            "arn": "arn:aws:ec2:us-west-2:010526257977:route-table/rtb-07b21aacdf101ea69",
            "id": "rtb-07b21aacdf101ea69",
            "owner_id": "010526257977",
            "propagating_vgws": [],
            "route": [
              {
                "carrier_gateway_id": "",
                "cidr_block": "0.0.0.0/0",
                "core_network_arn": "",
                "destination_prefix_list_id": "",
                "egress_only_gateway_id": "",
                "gateway_id": "igw-00b9274cbbf175938",
                "ipv6_cidr_block": "",
                "local_gateway_id": "",
                "nat_gateway_id": "",
                "network_interface_id": "",
                "transit_gateway_id": "",
                "vpc_endpoint_id": "",
                "vpc_peering_connection_id": ""
              }
            ],
            "tags": {
              "Name": "public-rt"
            },
            "tags_all": {
              "Name": "public-rt"
            },
            "timeouts": null,
            "vpc_id": "vpc-0c4d7e6f9ca8bea27"
          },
          "sensitive_attributes": [],
          "private": "eyJlMmJmYjczMC1lY2FhLTExZTYtOGY4OC0zNDM2M2JjN2M0YzAiOnsiY3JlYXRlIjozMDAwMDAwMDAwMDAsImRlbGV0ZSI6MzAwMDAwMDAwMDAwLCJ1cGRhdGUiOjEyMDAwMDAwMDAwMH19",
          "dependencies": [
            "aws_internet_gateway.main_igw",
            "aws_vpc.main_vpc"
          ]
        }
      ]
    },
    {
      "mode": "managed",
      "type": "aws_route_table_association",
      "name": "private_1",
      "provider": "provider[\"registry.terraform.io/hashicorp/aws\"]",
      "instances": [
        {
          "schema_version": 0,
          "attributes": {
            "gateway_id": "",
            "id": "rtbassoc-0dad93732a5307143",
            "route_table_id": "rtb-0adfb1b303c9ceeb7",
            "subnet_id": "subnet-07a545c10585e2c71",
            "timeouts": null
          },
          "sensitive_attributes": [],
          "private": "eyJlMmJmYjczMC1lY2FhLTExZTYtOGY4OC0zNDM2M2JjN2M0YzAiOnsiY3JlYXRlIjozMDAwMDAwMDAwMDAsImRlbGV0ZSI6MzAwMDAwMDAwMDAwLCJ1cGRhdGUiOjEyMDAwMDAwMDAwMH19",
          "dependencies": [
            "aws_eip.nat_eip",
            "aws_nat_gateway.nat_gateway",
            "aws_route_table.private_rt_1",
            "aws_subnet.private_subnet_1",
            "aws_subnet.public_subnet_1",
            "aws_vpc.main_vpc"
          ]
        }
      ]
    },
    {
      "mode": "managed",
      "type": "aws_route_table_association",
      "name": "private_2",
      "provider": "provider[\"registry.terraform.io/hashicorp/aws\"]",
      "instances": [
        {
          "schema_version": 0,
          "attributes": {
            "gateway_id": "",
            "id": "rtbassoc-050f42c1298d4b88f",
            "route_table_id": "rtb-047c2c176ba25f29b",
            "subnet_id": "subnet-039323e8fd07278e6",
            "timeouts": null
          },
          "sensitive_attributes": [],
          "private": "eyJlMmJmYjczMC1lY2FhLTExZTYtOGY4OC0zNDM2M2JjN2M0YzAiOnsiY3JlYXRlIjozMDAwMDAwMDAwMDAsImRlbGV0ZSI6MzAwMDAwMDAwMDAwLCJ1cGRhdGUiOjEyMDAwMDAwMDAwMH19",
          "dependencies": [
            "aws_eip.nat_eip",
            "aws_nat_gateway.nat_gateway",
            "aws_route_table.private_rt_2",
            "aws_subnet.private_subnet_2",
            "aws_subnet.public_subnet_1",
            "aws_vpc.main_vpc"
          ]
        }
      ]
    },
    {
      "mode": "managed",
      "type": "aws_route_table_association",
      "name": "public_1",
      "provider": "provider[\"registry.terraform.io/hashicorp/aws\"]",
      "instances": [
        {
          "schema_version": 0,
          "attributes": {
            "gateway_id": "",
            "id": "rtbassoc-082315bc05ab20512",
            "route_table_id": "rtb-07b21aacdf101ea69",
            "subnet_id": "subnet-02611f812093cda7f",
            "timeouts": null
          },
          "sensitive_attributes": [],
          "private": "eyJlMmJmYjczMC1lY2FhLTExZTYtOGY4OC0zNDM2M2JjN2M0YzAiOnsiY3JlYXRlIjozMDAwMDAwMDAwMDAsImRlbGV0ZSI6MzAwMDAwMDAwMDAwLCJ1cGRhdGUiOjEyMDAwMDAwMDAwMH19",
          "dependencies": [
            "aws_internet_gateway.main_igw",
            "aws_route_table.public_rt",
            "aws_subnet.public_subnet_1",
            "aws_vpc.main_vpc"
          ]
        }
      ]
    },
    {
      "mode": "managed",
      "type": "aws_route_table_association",
      "name": "public_2",
      "provider": "provider[\"registry.terraform.io/hashicorp/aws\"]",
      "instances": [
        {
          "schema_version": 0,
          "attributes": {
            "gateway_id": "",
            "id": "rtbassoc-05bc233a83e0d50be",
            "route_table_id": "rtb-07b21aacdf101ea69",
            "subnet_id": "subnet-033b22a8d61c79cf1",
            "timeouts": null
          },
          "sensitive_attributes": [],
          "private": "eyJlMmJmYjczMC1lY2FhLTExZTYtOGY4OC0zNDM2M2JjN2M0YzAiOnsiY3JlYXRlIjozMDAwMDAwMDAwMDAsImRlbGV0ZSI6MzAwMDAwMDAwMDAwLCJ1cGRhdGUiOjEyMDAwMDAwMDAwMH19",
          "dependencies": [
            "aws_internet_gateway.main_igw",
            "aws_route_table.public_rt",
            "aws_subnet.public_subnet_2",
            "aws_vpc.main_vpc"
          ]
        }
      ]
    },
    {
      "mode": "managed",
      "type": "aws_security_group",
      "name": "private_sg",
      "provider": "provider[\"registry.terraform.io/hashicorp/aws\"]",
      "instances": [
        {
          "schema_version": 1,
          "attributes": {
            "arn": "arn:aws:ec2:us-west-2:010526257977:security-group/sg-0989fd60bb156cc64",
            "description": "Allow internal communication",
            "egress": [
              {
                "cidr_blocks": [
                  "0.0.0.0/0"
                ],
                "description": "",
                "from_port": 0,
                "ipv6_cidr_blocks": [],
                "prefix_list_ids": [],
                "protocol": "-1",
                "security_groups": [],
                "self": false,
                "to_port": 0
              }
            ],
            "id": "sg-0989fd60bb156cc64",
            "ingress": [
              {
                "cidr_blocks": [
                  "10.0.0.0/16"
                ],
                "description": "",
                "from_port": 0,
                "ipv6_cidr_blocks": [],
                "prefix_list_ids": [],
                "protocol": "-1",
                "security_groups": [],
                "self": false,
                "to_port": 0
              }
            ],
            "name": "private-sg",
            "name_prefix": "",
            "owner_id": "010526257977",
            "revoke_rules_on_delete": false,
            "tags": {},
            "tags_all": {},
            "timeouts": null,
            "vpc_id": "vpc-0c4d7e6f9ca8bea27"
          },
          "sensitive_attributes": [],
          "private": "eyJlMmJmYjczMC1lY2FhLTExZTYtOGY4OC0zNDM2M2JjN2M0YzAiOnsiY3JlYXRlIjo2MDAwMDAwMDAwMDAsImRlbGV0ZSI6OTAwMDAwMDAwMDAwfSwic2NoZW1hX3ZlcnNpb24iOiIxIn0=",
          "dependencies": [
            "aws_vpc.main_vpc"
          ]
        }
      ]
    },
    {
      "mode": "managed",
      "type": "aws_security_group",
      "name": "public_sg",
      "provider": "provider[\"registry.terraform.io/hashicorp/aws\"]",
      "instances": [
        {
          "schema_version": 1,
          "attributes": {
            "arn": "arn:aws:ec2:us-west-2:010526257977:security-group/sg-0658301302d603ae4",
            "description": "Allow inbound HTTP and SSH",
            "egress": [
              {
                "cidr_blocks": [
                  "0.0.0.0/0"
                ],
                "description": "",
                "from_port": 0,
                "ipv6_cidr_blocks": [],
                "prefix_list_ids": [],
                "protocol": "-1",
                "security_groups": [],
                "self": false,
                "to_port": 0
              }
            ],
            "id": "sg-0658301302d603ae4",
            "ingress": [
              {
                "cidr_blocks": [
                  "0.0.0.0/0"
                ],
                "description": "",
                "from_port": 22,
                "ipv6_cidr_blocks": [],
                "prefix_list_ids": [],
                "protocol": "tcp",
                "security_groups": [],
                "self": false,
                "to_port": 22
              },
              {
                "cidr_blocks": [
                  "0.0.0.0/0"
                ],
                "description": "",
                "from_port": 80,
                "ipv6_cidr_blocks": [],
                "prefix_list_ids": [],
                "protocol": "tcp",
                "security_groups": [],
                "self": false,
                "to_port": 80
              }
            ],
            "name": "public-sg",
            "name_prefix": "",
            "owner_id": "010526257977",
            "revoke_rules_on_delete": false,
            "tags": {},
            "tags_all": {},
            "timeouts": null,
            "vpc_id": "vpc-0c4d7e6f9ca8bea27"
          },
          "sensitive_attributes": [],
          "private": "eyJlMmJmYjczMC1lY2FhLTExZTYtOGY4OC0zNDM2M2JjN2M0YzAiOnsiY3JlYXRlIjo2MDAwMDAwMDAwMDAsImRlbGV0ZSI6OTAwMDAwMDAwMDAwfSwic2NoZW1hX3ZlcnNpb24iOiIxIn0=",
          "dependencies": [
            "aws_vpc.main_vpc"
          ]
        }
      ]
    },
    {
      "mode": "managed",
      "type": "aws_subnet",
      "name": "private_subnet_1",
      "provider": "provider[\"registry.terraform.io/hashicorp/aws\"]",
      "instances": [
        {
          "schema_version": 1,
          "attributes": {
            "arn": "arn:aws:ec2:us-west-2:010526257977:subnet/subnet-07a545c10585e2c71",
            "assign_ipv6_address_on_creation": false,
            "availability_zone": "us-west-2a",
            "availability_zone_id": "usw2-az1",
            "cidr_block": "10.0.3.0/24",
            "customer_owned_ipv4_pool": "",
            "enable_dns64": false,
            "enable_lni_at_device_index": 0,
            "enable_resource_name_dns_a_record_on_launch": false,
            "enable_resource_name_dns_aaaa_record_on_launch": false,
            "id": "subnet-07a545c10585e2c71",
            "ipv6_cidr_block": "",
            "ipv6_cidr_block_association_id": "",
            "ipv6_native": false,
            "map_customer_owned_ip_on_launch": false,
            "map_public_ip_on_launch": false,
            "outpost_arn": "",
            "owner_id": "010526257977",
            "private_dns_hostname_type_on_launch": "ip-name",
            "tags": {
              "Name": "private-subnet-1"
            },
            "tags_all": {
              "Name": "private-subnet-1"
            },
            "timeouts": null,
            "vpc_id": "vpc-0c4d7e6f9ca8bea27"
          },
          "sensitive_attributes": [],
          "private": "eyJlMmJmYjczMC1lY2FhLTExZTYtOGY4OC0zNDM2M2JjN2M0YzAiOnsiY3JlYXRlIjo2MDAwMDAwMDAwMDAsImRlbGV0ZSI6MTIwMDAwMDAwMDAwMH0sInNjaGVtYV92ZXJzaW9uIjoiMSJ9",
          "dependencies": [
            "aws_vpc.main_vpc"
          ]
        }
      ]
    },
    {
      "mode": "managed",
      "type": "aws_subnet",
      "name": "private_subnet_2",
      "provider": "provider[\"registry.terraform.io/hashicorp/aws\"]",
      "instances": [
        {
          "schema_version": 1,
          "attributes": {
            "arn": "arn:aws:ec2:us-west-2:010526257977:subnet/subnet-039323e8fd07278e6",
            "assign_ipv6_address_on_creation": false,
            "availability_zone": "us-west-2b",
            "availability_zone_id": "usw2-az2",
            "cidr_block": "10.0.4.0/24",
            "customer_owned_ipv4_pool": "",
            "enable_dns64": false,
            "enable_lni_at_device_index": 0,
            "enable_resource_name_dns_a_record_on_launch": false,
            "enable_resource_name_dns_aaaa_record_on_launch": false,
            "id": "subnet-039323e8fd07278e6",
            "ipv6_cidr_block": "",
            "ipv6_cidr_block_association_id": "",
            "ipv6_native": false,
            "map_customer_owned_ip_on_launch": false,
            "map_public_ip_on_launch": false,
            "outpost_arn": "",
            "owner_id": "010526257977",
            "private_dns_hostname_type_on_launch": "ip-name",
            "tags": {
              "Name": "private-subnet-2"
            },
            "tags_all": {
              "Name": "private-subnet-2"
            },
            "timeouts": null,
            "vpc_id": "vpc-0c4d7e6f9ca8bea27"
          },
          "sensitive_attributes": [],
          "private": "eyJlMmJmYjczMC1lY2FhLTExZTYtOGY4OC0zNDM2M2JjN2M0YzAiOnsiY3JlYXRlIjo2MDAwMDAwMDAwMDAsImRlbGV0ZSI6MTIwMDAwMDAwMDAwMH0sInNjaGVtYV92ZXJzaW9uIjoiMSJ9",
          "dependencies": [
            "aws_vpc.main_vpc"
          ]
        }
      ]
    },
    {
      "mode": "managed",
      "type": "aws_subnet",
      "name": "public_subnet_1",
      "provider": "provider[\"registry.terraform.io/hashicorp/aws\"]",
      "instances": [
        {
          "schema_version": 1,
          "attributes": {
            "arn": "arn:aws:ec2:us-west-2:010526257977:subnet/subnet-02611f812093cda7f",
            "assign_ipv6_address_on_creation": false,
            "availability_zone": "us-west-2a",
            "availability_zone_id": "usw2-az1",
            "cidr_block": "10.0.1.0/24",
            "customer_owned_ipv4_pool": "",
            "enable_dns64": false,
            "enable_lni_at_device_index": 0,
            "enable_resource_name_dns_a_record_on_launch": false,
            "enable_resource_name_dns_aaaa_record_on_launch": false,
            "id": "subnet-02611f812093cda7f",
            "ipv6_cidr_block": "",
            "ipv6_cidr_block_association_id": "",
            "ipv6_native": false,
            "map_customer_owned_ip_on_launch": false,
            "map_public_ip_on_launch": true,
            "outpost_arn": "",
            "owner_id": "010526257977",
            "private_dns_hostname_type_on_launch": "ip-name",
            "tags": {
              "Name": "public-subnet-1"
            },
            "tags_all": {
              "Name": "public-subnet-1"
            },
            "timeouts": null,
            "vpc_id": "vpc-0c4d7e6f9ca8bea27"
          },
          "sensitive_attributes": [],
          "private": "eyJlMmJmYjczMC1lY2FhLTExZTYtOGY4OC0zNDM2M2JjN2M0YzAiOnsiY3JlYXRlIjo2MDAwMDAwMDAwMDAsImRlbGV0ZSI6MTIwMDAwMDAwMDAwMH0sInNjaGVtYV92ZXJzaW9uIjoiMSJ9",
          "dependencies": [
            "aws_vpc.main_vpc"
          ]
        }
      ]
    },
    {
      "mode": "managed",
      "type": "aws_subnet",
      "name": "public_subnet_2",
      "provider": "provider[\"registry.terraform.io/hashicorp/aws\"]",
      "instances": [
        {
          "schema_version": 1,
          "attributes": {
            "arn": "arn:aws:ec2:us-west-2:010526257977:subnet/subnet-033b22a8d61c79cf1",
            "assign_ipv6_address_on_creation": false,
            "availability_zone": "us-west-2b",
            "availability_zone_id": "usw2-az2",
            "cidr_block": "10.0.2.0/24",
            "customer_owned_ipv4_pool": "",
            "enable_dns64": false,
            "enable_lni_at_device_index": 0,
            "enable_resource_name_dns_a_record_on_launch": false,
            "enable_resource_name_dns_aaaa_record_on_launch": false,
            "id": "subnet-033b22a8d61c79cf1",
            "ipv6_cidr_block": "",
            "ipv6_cidr_block_association_id": "",
            "ipv6_native": false,
            "map_customer_owned_ip_on_launch": false,
            "map_public_ip_on_launch": true,
            "outpost_arn": "",
            "owner_id": "010526257977",
            "private_dns_hostname_type_on_launch": "ip-name",
            "tags": {
              "Name": "public-subnet-2"
            },
            "tags_all": {
              "Name": "public-subnet-2"
            },
            "timeouts": null,
            "vpc_id": "vpc-0c4d7e6f9ca8bea27"
          },
          "sensitive_attributes": [],
          "private": "eyJlMmJmYjczMC1lY2FhLTExZTYtOGY4OC0zNDM2M2JjN2M0YzAiOnsiY3JlYXRlIjo2MDAwMDAwMDAwMDAsImRlbGV0ZSI6MTIwMDAwMDAwMDAwMH0sInNjaGVtYV92ZXJzaW9uIjoiMSJ9",
          "dependencies": [
            "aws_vpc.main_vpc"
          ]
        }
      ]
    },
    {
      "mode": "managed",
      "type": "aws_vpc",
      "name": "main_vpc",
      "provider": "provider[\"registry.terraform.io/hashicorp/aws\"]",
      "instances": [
        {
          "schema_version": 1,
          "attributes": {
            "arn": "arn:aws:ec2:us-west-2:010526257977:vpc/vpc-0c4d7e6f9ca8bea27",
            "assign_generated_ipv6_cidr_block": false,
            "cidr_block": "10.0.0.0/16",
            "default_network_acl_id": "acl-05156bf40591fb11f",
            "default_route_table_id": "rtb-0fba59b27688c4fd0",
            "default_security_group_id": "sg-057fe6f394227dbca",
            "dhcp_options_id": "dopt-013cbb60ee263e331",
            "enable_dns_hostnames": true,
            "enable_dns_support": true,
            "enable_network_address_usage_metrics": false,
            "id": "vpc-0c4d7e6f9ca8bea27",
            "instance_tenancy": "default",
            "ipv4_ipam_pool_id": null,
            "ipv4_netmask_length": null,
            "ipv6_association_id": "",
            "ipv6_cidr_block": "",
            "ipv6_cidr_block_network_border_group": "",
            "ipv6_ipam_pool_id": "",
            "ipv6_netmask_length": 0,
            "main_route_table_id": "rtb-0fba59b27688c4fd0",
            "owner_id": "010526257977",
            "tags": {
              "Name": "main-vpc"
            },
            "tags_all": {
              "Name": "main-vpc"
            }
          },
          "sensitive_attributes": [],
          "private": "eyJzY2hlbWFfdmVyc2lvbiI6IjEifQ=="
        }
      ]
    },
    {
      "mode": "managed",
      "type": "tls_private_key",
      "name": "project_key",
      "provider": "provider[\"registry.terraform.io/hashicorp/tls\"]",
      "instances": [
        {
          "schema_version": 1,
          "attributes": {
            "algorithm": "RSA",
            "ecdsa_curve": "P224",
            "id": "96fb40f5b3a5860780a10de8aa49ee5dbcb14dc0",
            "private_key_openssh": "-----BEGIN OPENSSH PRIVATE KEY-----\nb3BlbnNzaC1rZXktdjEAAAAABG5vbmUAAAAEbm9uZQAAAAAAAAABAAACFwAAAAdz\nc2gtcnNhAAAAAwEAAQAAAgEA3EiSXGT6yV4bCkhlBDED/29+4c14jBQsfDaORwKv\n00t1icuc5To8WxEXc8K1BVkUPGYUui+zmivWuXFMDheiS277jMulnzm7Jh+hf3NQ\nAwS5M/x8blIeg1dybuAy8U6hygoxzP5E92QzhUMaGOuJhyXlEBmB+fT6NGzlC4Gp\nRoxbYEeZ8KhyUVhVqbVpovbNt7fbBi/lnRmxXMjdb4wtixuUEHzWAlLysfvK3K9A\ncDGqWFi5d2Gw8Wy1/6N7c2d7bGUZ2REObuOrBvhboME22IRT2G/nKg5Fd/IpyHSu\n5ZvIHP1OJAIPGU9L5aE3yEaj0QxO+sPkS9O5MPIuKeI0rLS7nVf2a5n64Jju3b8Y\nY3O3STwcWM9+eYlCLjpAhw7KsRvmcsOn/rklpO6w5PlLdIoQVXMu7K2jMrP7O9fL\nCL7DvlRG6Te1t6QoFEYSIKZbcMjJ41zLbqVvjxQsbcKnnupKDOcizQc9DkRIRgUh\nzzpMlvqGeZ0SBEEVckPRRcLHxOxjgRbpPnz5XQEtaZWpfb6z3DhBHOZ8pcp7kXtI\nt5fk2keQHfzg3qRB7qhy2JTmFys3z73OOQdpQFIS3JAm5xstVhPJTp3eDJIYQEuD\ntWIbt6rKl+qEgsHxYwnOmlcoZqHnhkuzm0F5Jr6toRrTd765GAu2A/Iu1K/vgxix\n8v0AAAc4j9A7/4/QO/8AAAAHc3NoLXJzYQAAAgEA3EiSXGT6yV4bCkhlBDED/29+\n4c14jBQsfDaORwKv00t1icuc5To8WxEXc8K1BVkUPGYUui+zmivWuXFMDheiS277\njMulnzm7Jh+hf3NQAwS5M/x8blIeg1dybuAy8U6hygoxzP5E92QzhUMaGOuJhyXl\nEBmB+fT6NGzlC4GpRoxbYEeZ8KhyUVhVqbVpovbNt7fbBi/lnRmxXMjdb4wtixuU\nEHzWAlLysfvK3K9AcDGqWFi5d2Gw8Wy1/6N7c2d7bGUZ2REObuOrBvhboME22IRT\n2G/nKg5Fd/IpyHSu5ZvIHP1OJAIPGU9L5aE3yEaj0QxO+sPkS9O5MPIuKeI0rLS7\nnVf2a5n64Jju3b8YY3O3STwcWM9+eYlCLjpAhw7KsRvmcsOn/rklpO6w5PlLdIoQ\nVXMu7K2jMrP7O9fLCL7DvlRG6Te1t6QoFEYSIKZbcMjJ41zLbqVvjxQsbcKnnupK\nDOcizQc9DkRIRgUhzzpMlvqGeZ0SBEEVckPRRcLHxOxjgRbpPnz5XQEtaZWpfb6z\n3DhBHOZ8pcp7kXtIt5fk2keQHfzg3qRB7qhy2JTmFys3z73OOQdpQFIS3JAm5xst\nVhPJTp3eDJIYQEuDtWIbt6rKl+qEgsHxYwnOmlcoZqHnhkuzm0F5Jr6toRrTd765\nGAu2A/Iu1K/vgxix8v0AAAADAQABAAACABCRrtyfRdPWrb8AwgRmMXBJsSgH3fzf\nWZdAPURvGc2RW/Zw58zALCEHcJWm/Bm6YRDH9uAoTWCX0o9hS8C1m2IEJ4yoFr2a\nyI5uC6Y8BLUtakbUQ4HC0IO9lKBtYbeP3BCH4sYSDBr1oQBxkylzsgUF3yxuVr33\n5MgDtti+OH7TeN4NlLEq4mpm9A6PVDJLUR70B9f3y1QdRh9+BlXpG9XeTa1NzoUf\nOx0THOerkPO/cJozlkO6B+ao8CmZ4OPF0V1OX3rZ0xWZL1iXXsEBN4Bit7HMfP1H\nVIdYojbvO+aOaKdxkCqaMwuK0OElVr5MPe8v91LaYDYp50Ccvscsuhxtw+T4Ej8r\ngZA9jYSVbY1azHFatrL+5bHi0gd5+BBGX85JQNHyx98GbtKsRZkWuYy/FMC3DeCk\nRXA9PXzkoeNY+hcHGHatTOg4M7qN8PAhimZsGWsPpF0vZVIHCVUuwYwyJEJb40MV\ngsXwKLluZ7H4HrCTJVfLshIq2uXHXO/rMt9MANHwkYLyUcVSdyW88QMj2IgqxTxw\nFKpCJ43njeTNYsT9KV+dTxYUHug8DNDpSgq2xaHjSAZ5qlh+3kyi7hFJ326NM/oN\ntBvaxVdD8OXrlWU+vUcYGHBkA81ESVeFQ8VALqCvxNYrrfJ4NVi9JZZltoQPPnE9\n7qAuFCmfxqkBAAABAEmRsN9vnJEaDurfntcXxZrqrRCo/WMCfd6Ntj/tr1yKl+s8\nP7Jc3yWQo+YeXyDVYcTkIFgoGrDmiLyikXbmLBYecaIznzZ/wB5pg2en5x8KgHFN\n46/XrF0yTsx56YIegGTA+jIYUJTtKfS3NfTaWY2QV0rqIY2MTYOuuOO61zpHMELe\nsjc7c2yR+OnAyoTGSC96ICQ+KQ3M0gUhNaSuu2s5FZbKNQHdvASzKWaQSNgegH9B\n7rKmZb7w95Ep0th6eN+95g5wkVij/HrWUF0SK8/fLxFoj2PFllC2X3ptj5XqleYz\nDmoe6poxVjcj9yaO2fnVfe9bEZ/gFeI0Yw5FKHYAAAEBAOs1Mtj8VwrYIeUb2hCU\nVxT95Zb2uINu80Si4FX3Ik4uo/IZGl1apo4+AenGB1iacjyCtr/pxnTZ2t2iXfJT\nnt1vH37dKw8FtrPw5+YGDTM8kzbkHMStV4yrWpq2C91edXExj02gFZv4qmuzI+WS\neY81iWDB5Wey6vwLHs04UIEbvaS2e3C2/QKVv8YizkbAV9FdjeHl0wz7uKUBRb62\nr/pO38dwM/6NgODGy74ylkecnunSZQd8Yrkt45Myum6hOTPRm2a3OaJdy3akUZFi\n3gjqRH39RE9TcH5/5NbE32CKCPPhHbg7Jn168nnUGJSQQkel8s/CmOj/EGXu4EM9\n3oEAAAEBAO/Boe96FK0Ct0Ukq7YXQvVj3/Z4V+YHpFyr20BcSMOeEYXExBoTMLw4\nGa3xXU/0oFNykuVNUYaNBfTzC/Q6ATe/waUDPYj3LP9HT5o2MHR4HO1ibkfBm51F\ncT4cc0nQjUbnzdpyEtuGrya7bbrbUWtjC71Ygs8mWAidIaw00WqNs0KUl0Xj95ZX\n5Wd4lq6BR4jdgsyV23OA21fPTk02UymXacTWkkU6jGn5/QhefE4EN8qOpIsQi4Nk\n0mMR6P5afH5Jtm/DXYW8d3yOVpOwn3G9n7nSqIWjWVXKmBU/zUORLKHabb+p5hS3\nLdjkY88HVCQ4raWOErSl1DIYilMxTn0AAAAAAQID\n-----END OPENSSH PRIVATE KEY-----\n",
            "private_key_pem": "-----BEGIN RSA PRIVATE KEY-----\nMIIJJwIBAAKCAgEA3EiSXGT6yV4bCkhlBDED/29+4c14jBQsfDaORwKv00t1icuc\n5To8WxEXc8K1BVkUPGYUui+zmivWuXFMDheiS277jMulnzm7Jh+hf3NQAwS5M/x8\nblIeg1dybuAy8U6hygoxzP5E92QzhUMaGOuJhyXlEBmB+fT6NGzlC4GpRoxbYEeZ\n8KhyUVhVqbVpovbNt7fbBi/lnRmxXMjdb4wtixuUEHzWAlLysfvK3K9AcDGqWFi5\nd2Gw8Wy1/6N7c2d7bGUZ2REObuOrBvhboME22IRT2G/nKg5Fd/IpyHSu5ZvIHP1O\nJAIPGU9L5aE3yEaj0QxO+sPkS9O5MPIuKeI0rLS7nVf2a5n64Jju3b8YY3O3STwc\nWM9+eYlCLjpAhw7KsRvmcsOn/rklpO6w5PlLdIoQVXMu7K2jMrP7O9fLCL7DvlRG\n6Te1t6QoFEYSIKZbcMjJ41zLbqVvjxQsbcKnnupKDOcizQc9DkRIRgUhzzpMlvqG\neZ0SBEEVckPRRcLHxOxjgRbpPnz5XQEtaZWpfb6z3DhBHOZ8pcp7kXtIt5fk2keQ\nHfzg3qRB7qhy2JTmFys3z73OOQdpQFIS3JAm5xstVhPJTp3eDJIYQEuDtWIbt6rK\nl+qEgsHxYwnOmlcoZqHnhkuzm0F5Jr6toRrTd765GAu2A/Iu1K/vgxix8v0CAwEA\nAQKCAgAQka7cn0XT1q2/AMIEZjFwSbEoB93831mXQD1EbxnNkVv2cOfMwCwhB3CV\npvwZumEQx/bgKE1gl9KPYUvAtZtiBCeMqBa9msiObgumPAS1LWpG1EOBwtCDvZSg\nbWG3j9wQh+LGEgwa9aEAcZMpc7IFBd8sbla99+TIA7bYvjh+03jeDZSxKuJqZvQO\nj1QyS1Ee9AfX98tUHUYffgZV6RvV3k2tTc6FHzsdExznq5Dzv3CaM5ZDugfmqPAp\nmeDjxdFdTl962dMVmS9Yl17BATeAYrexzHz9R1SHWKI27zvmjmincZAqmjMLitDh\nJVa+TD3vL/dS2mA2KedAnL7HLLocbcPk+BI/K4GQPY2ElW2NWsxxWray/uWx4tIH\nefgQRl/OSUDR8sffBm7SrEWZFrmMvxTAtw3gpEVwPT185KHjWPoXBxh2rUzoODO6\njfDwIYpmbBlrD6RdL2VSBwlVLsGMMiRCW+NDFYLF8Ci5bmex+B6wkyVXy7ISKtrl\nx1zv6zLfTADR8JGC8lHFUnclvPEDI9iIKsU8cBSqQieN543kzWLE/SlfnU8WFB7o\nPAzQ6UoKtsWh40gGeapYft5Mou4RSd9ujTP6DbQb2sVXQ/Dl65VlPr1HGBhwZAPN\nRElXhUPFQC6gr8TWK63yeDVYvSWWZbaEDz5xPe6gLhQpn8apAQKCAQEA6zUy2PxX\nCtgh5RvaEJRXFP3llva4g27zRKLgVfciTi6j8hkaXVqmjj4B6cYHWJpyPIK2v+nG\ndNna3aJd8lOe3W8fft0rDwW2s/Dn5gYNMzyTNuQcxK1XjKtamrYL3V51cTGPTaAV\nm/iqa7Mj5ZJ5jzWJYMHlZ7Lq/AsezThQgRu9pLZ7cLb9ApW/xiLORsBX0V2N4eXT\nDPu4pQFFvrav+k7fx3Az/o2A4MbLvjKWR5ye6dJlB3xiuS3jkzK6bqE5M9GbZrc5\nol3LdqRRkWLeCOpEff1ET1Nwfn/k1sTfYIoI8+EduDsmfXryedQYlJBCR6Xyz8KY\n6P8QZe7gQz3egQKCAQEA78Gh73oUrQK3RSSrthdC9WPf9nhX5gekXKvbQFxIw54R\nhcTEGhMwvDgZrfFdT/SgU3KS5U1Rho0F9PML9DoBN7/BpQM9iPcs/0dPmjYwdHgc\n7WJuR8GbnUVxPhxzSdCNRufN2nIS24avJrttuttRa2MLvViCzyZYCJ0hrDTRao2z\nQpSXReP3llflZ3iWroFHiN2CzJXbc4DbV89OTTZTKZdpxNaSRTqMafn9CF58TgQ3\nyo6kixCLg2TSYxHo/lp8fkm2b8Ndhbx3fI5Wk7Cfcb2fudKohaNZVcqYFT/NQ5Es\nodptv6nmFLct2ORjzwdUJDitpY4StKXUMhiKUzFOfQKCAQAi4JKXpmNp0j7EcGrX\nhoebL0L6Lb+SjcM47EYDuU+29CePYLWOHkEQWpWCCsFQHCbQXjmnH400CpHvx4HS\nyx+FilLLRxR5d8ltyU05yK/wZw0VWKIDcAjJbSdURaZgvv7/N/Ad/Jz3sdnjen7a\nLewkljW2yUmxJNC/aw64M5+MZYarg/ut7RR7a6UyRjr8Ns1O2GaPlrrC9BifLx8e\ndoyFu2hndHXhSy5PJmtT2sB6Afl2hqJAh+tDtlBGpYELopCO5If8pTLAptPi1d7a\nhiSSgdqCLCoS8TZ/K4vNZQgSkqVdNIZpqSu985s9AXxbm0CYyzzEHgD6m8fctZ0/\nm08BAoIBAC7P48paT8coDJiXfF9lU1GOWqBJBwCG5XSiqYB7hEmNh2ZS8OcWcCGP\n4pOv2MRPwy4H5N6Yph5bUpptChx5Ztt3uVt6sn0XpdWCGuzFP9i9ywgee+HOz495\ni47RB0GWUr9Ra0QHmd77AR/S4K3nPJJ3GEe0DHZdyjqEU5rIBUuEt0d8s7yVsjXM\nm6IETYds/oaemXdQmzSGKE2Q0H0K6lnokmI4cv7JW7klcl479JFXCX2nNEFizZqu\nCNYHHTLsf/o4ckKIJq6CCeJr+EOF7NvMZm9lzjmplzvE/sTHXFCg+9HuUBdoGOBa\nk70RettlVuxrlJwKjWRwLGpLmFZ9/hECggEASZGw32+ckRoO6t+e1xfFmuqtEKj9\nYwJ93o22P+2vXIqX6zw/slzfJZCj5h5fINVhxOQgWCgasOaIvKKRduYsFh5xojOf\nNn/AHmmDZ6fnHwqAcU3jr9esXTJOzHnpgh6AZMD6MhhQlO0p9Lc19NpZjZBXSuoh\njYxNg66447rXOkcwQt6yNztzbJH46cDKhMZIL3ogJD4pDczSBSE1pK67azkVlso1\nAd28BLMpZpBI2B6Af0HusqZlvvD3kSnS2Hp4373mDnCRWKP8etZQXRIrz98vEWiP\nY8WWULZfem2PleqV5jMOah7qmjFWNyP3Jo7Z+dV971sRn+AV4jRjDkUodg==\n-----END RSA PRIVATE KEY-----\n",
            "private_key_pem_pkcs8": "-----BEGIN PRIVATE KEY-----\nMIIJQQIBADANBgkqhkiG9w0BAQEFAASCCSswggknAgEAAoICAQDcSJJcZPrJXhsK\nSGUEMQP/b37hzXiMFCx8No5HAq/TS3WJy5zlOjxbERdzwrUFWRQ8ZhS6L7OaK9a5\ncUwOF6JLbvuMy6WfObsmH6F/c1ADBLkz/HxuUh6DV3Ju4DLxTqHKCjHM/kT3ZDOF\nQxoY64mHJeUQGYH59Po0bOULgalGjFtgR5nwqHJRWFWptWmi9s23t9sGL+WdGbFc\nyN1vjC2LG5QQfNYCUvKx+8rcr0BwMapYWLl3YbDxbLX/o3tzZ3tsZRnZEQ5u46sG\n+FugwTbYhFPYb+cqDkV38inIdK7lm8gc/U4kAg8ZT0vloTfIRqPRDE76w+RL07kw\n8i4p4jSstLudV/ZrmfrgmO7dvxhjc7dJPBxYz355iUIuOkCHDsqxG+Zyw6f+uSWk\n7rDk+Ut0ihBVcy7sraMys/s718sIvsO+VEbpN7W3pCgURhIgpltwyMnjXMtupW+P\nFCxtwqee6koM5yLNBz0OREhGBSHPOkyW+oZ5nRIEQRVyQ9FFwsfE7GOBFuk+fPld\nAS1plal9vrPcOEEc5nylynuRe0i3l+TaR5Ad/ODepEHuqHLYlOYXKzfPvc45B2lA\nUhLckCbnGy1WE8lOnd4MkhhAS4O1Yhu3qsqX6oSCwfFjCc6aVyhmoeeGS7ObQXkm\nvq2hGtN3vrkYC7YD8i7Ur++DGLHy/QIDAQABAoICABCRrtyfRdPWrb8AwgRmMXBJ\nsSgH3fzfWZdAPURvGc2RW/Zw58zALCEHcJWm/Bm6YRDH9uAoTWCX0o9hS8C1m2IE\nJ4yoFr2ayI5uC6Y8BLUtakbUQ4HC0IO9lKBtYbeP3BCH4sYSDBr1oQBxkylzsgUF\n3yxuVr335MgDtti+OH7TeN4NlLEq4mpm9A6PVDJLUR70B9f3y1QdRh9+BlXpG9Xe\nTa1NzoUfOx0THOerkPO/cJozlkO6B+ao8CmZ4OPF0V1OX3rZ0xWZL1iXXsEBN4Bi\nt7HMfP1HVIdYojbvO+aOaKdxkCqaMwuK0OElVr5MPe8v91LaYDYp50Ccvscsuhxt\nw+T4Ej8rgZA9jYSVbY1azHFatrL+5bHi0gd5+BBGX85JQNHyx98GbtKsRZkWuYy/\nFMC3DeCkRXA9PXzkoeNY+hcHGHatTOg4M7qN8PAhimZsGWsPpF0vZVIHCVUuwYwy\nJEJb40MVgsXwKLluZ7H4HrCTJVfLshIq2uXHXO/rMt9MANHwkYLyUcVSdyW88QMj\n2IgqxTxwFKpCJ43njeTNYsT9KV+dTxYUHug8DNDpSgq2xaHjSAZ5qlh+3kyi7hFJ\n326NM/oNtBvaxVdD8OXrlWU+vUcYGHBkA81ESVeFQ8VALqCvxNYrrfJ4NVi9JZZl\ntoQPPnE97qAuFCmfxqkBAoIBAQDrNTLY/FcK2CHlG9oQlFcU/eWW9riDbvNEouBV\n9yJOLqPyGRpdWqaOPgHpxgdYmnI8gra/6cZ02drdol3yU57dbx9+3SsPBbaz8Ofm\nBg0zPJM25BzErVeMq1qatgvdXnVxMY9NoBWb+KprsyPlknmPNYlgweVnsur8Cx7N\nOFCBG72ktntwtv0Clb/GIs5GwFfRXY3h5dMM+7ilAUW+tq/6Tt/HcDP+jYDgxsu+\nMpZHnJ7p0mUHfGK5LeOTMrpuoTkz0ZtmtzmiXct2pFGRYt4I6kR9/URPU3B+f+TW\nxN9gigjz4R24OyZ9evJ51BiUkEJHpfLPwpjo/xBl7uBDPd6BAoIBAQDvwaHvehSt\nArdFJKu2F0L1Y9/2eFfmB6Rcq9tAXEjDnhGFxMQaEzC8OBmt8V1P9KBTcpLlTVGG\njQX08wv0OgE3v8GlAz2I9yz/R0+aNjB0eBztYm5HwZudRXE+HHNJ0I1G583achLb\nhq8mu22621FrYwu9WILPJlgInSGsNNFqjbNClJdF4/eWV+VneJaugUeI3YLMldtz\ngNtXz05NNlMpl2nE1pJFOoxp+f0IXnxOBDfKjqSLEIuDZNJjEej+Wnx+SbZvw12F\nvHd8jlaTsJ9xvZ+50qiFo1lVypgVP81DkSyh2m2/qeYUty3Y5GPPB1QkOK2ljhK0\npdQyGIpTMU59AoIBACLgkpemY2nSPsRwateGh5svQvotv5KNwzjsRgO5T7b0J49g\ntY4eQRBalYIKwVAcJtBeOacfjTQKke/HgdLLH4WKUstHFHl3yW3JTTnIr/BnDRVY\nogNwCMltJ1RFpmC+/v838B38nPex2eN6ftot7CSWNbbJSbEk0L9rDrgzn4xlhquD\n+63tFHtrpTJGOvw2zU7YZo+WusL0GJ8vHx52jIW7aGd0deFLLk8ma1PawHoB+XaG\nokCH60O2UEalgQuikI7kh/ylMsCm0+LV3tqGJJKB2oIsKhLxNn8ri81lCBKSpV00\nhmmpK73zmz0BfFubQJjLPMQeAPqbx9y1nT+bTwECggEALs/jylpPxygMmJd8X2VT\nUY5aoEkHAIbldKKpgHuESY2HZlLw5xZwIY/ik6/YxE/DLgfk3pimHltSmm0KHHlm\n23e5W3qyfRel1YIa7MU/2L3LCB574c7Pj3mLjtEHQZZSv1FrRAeZ3vsBH9Lgrec8\nkncYR7QMdl3KOoRTmsgFS4S3R3yzvJWyNcybogRNh2z+hp6Zd1CbNIYoTZDQfQrq\nWeiSYjhy/slbuSVyXjv0kVcJfac0QWLNmq4I1gcdMux/+jhyQogmroIJ4mv4Q4Xs\n28xmb2XOOamXO8T+xMdcUKD70e5QF2gY4FqTvRF622VW7GuUnAqNZHAsakuYVn3+\nEQKCAQBJkbDfb5yRGg7q357XF8Wa6q0QqP1jAn3ejbY/7a9cipfrPD+yXN8lkKPm\nHl8g1WHE5CBYKBqw5oi8opF25iwWHnGiM582f8AeaYNnp+cfCoBxTeOv16xdMk7M\neemCHoBkwPoyGFCU7Sn0tzX02lmNkFdK6iGNjE2Drrjjutc6RzBC3rI3O3Nskfjp\nwMqExkgveiAkPikNzNIFITWkrrtrORWWyjUB3bwEsylmkEjYHoB/Qe6ypmW+8PeR\nKdLYenjfveYOcJFYo/x61lBdEivP3y8RaI9jxZZQtl96bY+V6pXmMw5qHuqaMVY3\nI/cmjtn51X3vWxGf4BXiNGMORSh2\n-----END PRIVATE KEY-----\n",
            "public_key_fingerprint_md5": "4c:e8:83:f6:1a:08:c6:39:4a:29:43:75:5d:f2:3e:53",
            "public_key_fingerprint_sha256": "SHA256:RPPgYAxX0/nWkLTQ36Oao+/rAfTTPmOscx7j8k1DfAI",
            "public_key_openssh": "ssh-rsa AAAAB3NzaC1yc2EAAAADAQABAAACAQDcSJJcZPrJXhsKSGUEMQP/b37hzXiMFCx8No5HAq/TS3WJy5zlOjxbERdzwrUFWRQ8ZhS6L7OaK9a5cUwOF6JLbvuMy6WfObsmH6F/c1ADBLkz/HxuUh6DV3Ju4DLxTqHKCjHM/kT3ZDOFQxoY64mHJeUQGYH59Po0bOULgalGjFtgR5nwqHJRWFWptWmi9s23t9sGL+WdGbFcyN1vjC2LG5QQfNYCUvKx+8rcr0BwMapYWLl3YbDxbLX/o3tzZ3tsZRnZEQ5u46sG+FugwTbYhFPYb+cqDkV38inIdK7lm8gc/U4kAg8ZT0vloTfIRqPRDE76w+RL07kw8i4p4jSstLudV/ZrmfrgmO7dvxhjc7dJPBxYz355iUIuOkCHDsqxG+Zyw6f+uSWk7rDk+Ut0ihBVcy7sraMys/s718sIvsO+VEbpN7W3pCgURhIgpltwyMnjXMtupW+PFCxtwqee6koM5yLNBz0OREhGBSHPOkyW+oZ5nRIEQRVyQ9FFwsfE7GOBFuk+fPldAS1plal9vrPcOEEc5nylynuRe0i3l+TaR5Ad/ODepEHuqHLYlOYXKzfPvc45B2lAUhLckCbnGy1WE8lOnd4MkhhAS4O1Yhu3qsqX6oSCwfFjCc6aVyhmoeeGS7ObQXkmvq2hGtN3vrkYC7YD8i7Ur++DGLHy/Q==\n",
            "public_key_pem": "-----BEGIN PUBLIC KEY-----\nMIICIjANBgkqhkiG9w0BAQEFAAOCAg8AMIICCgKCAgEA3EiSXGT6yV4bCkhlBDED\n/29+4c14jBQsfDaORwKv00t1icuc5To8WxEXc8K1BVkUPGYUui+zmivWuXFMDhei\nS277jMulnzm7Jh+hf3NQAwS5M/x8blIeg1dybuAy8U6hygoxzP5E92QzhUMaGOuJ\nhyXlEBmB+fT6NGzlC4GpRoxbYEeZ8KhyUVhVqbVpovbNt7fbBi/lnRmxXMjdb4wt\nixuUEHzWAlLysfvK3K9AcDGqWFi5d2Gw8Wy1/6N7c2d7bGUZ2REObuOrBvhboME2\n2IRT2G/nKg5Fd/IpyHSu5ZvIHP1OJAIPGU9L5aE3yEaj0QxO+sPkS9O5MPIuKeI0\nrLS7nVf2a5n64Jju3b8YY3O3STwcWM9+eYlCLjpAhw7KsRvmcsOn/rklpO6w5PlL\ndIoQVXMu7K2jMrP7O9fLCL7DvlRG6Te1t6QoFEYSIKZbcMjJ41zLbqVvjxQsbcKn\nnupKDOcizQc9DkRIRgUhzzpMlvqGeZ0SBEEVckPRRcLHxOxjgRbpPnz5XQEtaZWp\nfb6z3DhBHOZ8pcp7kXtIt5fk2keQHfzg3qRB7qhy2JTmFys3z73OOQdpQFIS3JAm\n5xstVhPJTp3eDJIYQEuDtWIbt6rKl+qEgsHxYwnOmlcoZqHnhkuzm0F5Jr6toRrT\nd765GAu2A/Iu1K/vgxix8v0CAwEAAQ==\n-----END PUBLIC KEY-----\n",
            "rsa_bits": 4096
          },
          "sensitive_attributes": [
            [
              {
                "type": "get_attr",
                "value": "private_key_pem"
              }
            ],
            [
              {
                "type": "get_attr",
                "value": "private_key_pem_pkcs8"
              }
            ],
            [
              {
                "type": "get_attr",
                "value": "private_key_openssh"
              }
            ]
          ]
        }
      ]
    }
  ],
  "check_results": null
}
